
Microsoft Visual Studio Solution File, Format Version 12.00
# Visual Studio Version 16
VisualStudioVersion = 16.0.30128.36
MinimumVisualStudioVersion = 10.0.40219.1
Project("{FAE04EC0-301F-11D3-BF4B-00C04F79EFBC}") = "DurableFuncSampleApp", "DurableFuncSampleApp\DurableFuncSampleApp.csproj", "{030278B0-59AF-47F5-9D1F-F8848E303D8E}"
EndProject
Project("{FAE04EC0-301F-11D3-BF4B-00C04F79EFBC}") = "GithubClientApp", "GithubClientApp\GithubClientApp.csproj", "{47026F6C-D738-45F6-B0B6-0F3E27ECAAB2}"
EndProject
Global
	GlobalSection(SolutionConfigurationPlatforms) = preSolution
		Debug|Any CPU = Debug|Any CPU
		Release|Any CPU = Release|Any CPU
	EndGlobalSection
	GlobalSection(ProjectConfigurationPlatforms) = postSolution
		{030278B0-59AF-47F5-9D1F-F8848E303D8E}.Debug|Any CPU.ActiveCfg = Debug|Any CPU
		{030278B0-59AF-47F5-9D1F-F8848E303D8E}.Debug|Any CPU.Build.0 = Debug|Any CPU
		{030278B0-59AF-47F5-9D1F-F8848E303D8E}.Release|Any CPU.ActiveCfg = Release|Any CPU
		{030278B0-59AF-47F5-9D1F-F8848E303D8E}.Release|Any CPU.Build.0 = Release|Any CPU
		{47026F6C-D738-45F6-B0B6-0F3E27ECAAB2}.Debug|Any CPU.ActiveCfg = Debug|Any CPU
		{47026F6C-D738-45F6-B0B6-0F3E27ECAAB2}.Debug|Any CPU.Build.0 = Debug|Any CPU
		{47026F6C-D738-45F6-B0B6-0F3E27ECAAB2}.Release|Any CPU.ActiveCfg = Release|Any CPU
		{47026F6C-D738-45F6-B0B6-0F3E27ECAAB2}.Release|Any CPU.Build.0 = Release|Any CPU
	EndGlobalSection
	GlobalSection(SolutionProperties) = preSolution
		HideSolutionNode = FALSE
	EndGlobalSection
	GlobalSection(ExtensibilityGlobals) = postSolution
		SolutionGuid = {07A70450-4968-485D-B4E9-962D156ED9C7}
	EndGlobalSection
EndGlobal
